{
  "name": "client2",
  "version": "0.1.0",
  "lockfileVersion": 2,
  "requires": true,
  "packages": {
    "": {
      "name": "client2",
      "version": "0.1.0",
      "dependencies": {
        "axios": "^1.8.2",
        "bulma": "^1.0.3",
        "core-js": "^3.41.0",
        "moment": "^2.30.1",
        "vue": "^3.5.13",
        "vue-router": "^4.5.0",
        "vuex": "^4.1.0"
      },
      "devDependencies": {
        "@vue/cli-plugin-babel": "^5.0.8",
        "@vue/cli-plugin-eslint": "^5.0.8",
        "@vue/cli-plugin-router": "^5.0.8",
        "@vue/cli-plugin-vuex": "^5.0.8",
        "@vue/cli-service": "^5.0.8",
        "babel-eslint": "^10.1.0",
        "eslint": "9.22.0",
        "eslint-plugin-vue": "^10.0.0",
        "sass": "^1.85.1",
        "sass-loader": "^16.0.5",
        "vue-template-compiler": "^2.7.16"
      }
    }
  },
  "dependencies": {
    "axios": {
      "version": "1.8.2",
      "resolved": "https://registry.npmjs.org/axios/-/axios-1.8.2.tgz",
      "integrity": "sha512-KNiRZlhRCpTn+xXlHLs+Jq6eS4XJeHKFOvQO2XJZGQr9+YfNQKbN+i7o4a4h3Vk+MvUNFZ/yd9TYYnqCuFXH5Y7w=="
    },
    "bulma": {
      "version": "1.0.3",
      "resolved": "https://registry.npmjs.org/bulma/-/bulma-1.0.3.tgz",
      "integrity": "sha512-QaJWQXrBmLWuZZJH4ej+7CZbXGud7dZYQcJJSJXDtEGw8EJGe8Tc4JmD+KJGHfmSPJH1/Q7JsQYDnPKJXxFRvA=="
    },
    "core-js": {
      "version": "3.41.0",
      "resolved": "https://registry.npmjs.org/core-js/-/core-js-3.41.0.tgz",
      "integrity": "sha512-9y4+9Mu9TTfYJWcbOxXVDDuS4Y+FDDwzm9ZRzr9Ulo6OU4gAI9v6QHgRBSJIz9jAiw3I5Rj+6Xvnf+34Oa9hIg=="
    },
    "moment": {
      "version": "2.30.1",
      "resolved": "https://registry.npmjs.org/moment/-/moment-2.30.1.tgz",
      "integrity": "sha512-uEmtNhbDOrWPFS+hdjFCBrZzBb0w6+T9xMqMuKpz8Uw0nh+XhsXLywRnzY4M8ckFf9JzXiK0Vg0e7ygGOZNdQ=="
    },
    "vue": {
      "version": "3.5.13",
      "resolved": "https://registry.npmjs.org/vue/-/vue-3.5.13.tgz",
      "integrity": "sha512-JkRVQYuUBZ7sL3/Cj1rLDmQrIhbCG5Y2dQz8h5Y5vc2vBM5kP6UHZrI5Aq9Y/YRnrIy2xRrHt2Wc5Xt/KXjSzLbg=="
    },
    "vue-router": {
      "version": "4.5.0",
      "resolved": "https://registry.npmjs.org/vue-router/-/vue-router-4.5.0.tgz",
      "integrity": "sha512-9Vg2FiKr3kiJVV6Wr4YP6JKZC8NxdRKFjJYXmZcGjYK0WtJZXJCVq+6Zt7y/4QOtOD0Ub9Yd9QQi7zIAhYNRV1Gw=="
    },
    "vuex": {
      "version": "4.1.0",
      "resolved": "https://registry.npmjs.org/vuex/-/vuex-4.1.0.tgz",
      "integrity": "sha512-hmV6UerDrPcgbSy9ORAtNXDr9M4wlNP4pEFKye4ujJF8oqgFFuxDCdOLS3eNoRTtq5O3hoBDh9Doj1bQMYHRw=="
    }
  }
}
